
Microsoft Visual Studio Solution File, Format Version 12.00
# Visual Studio 15
VisualStudioVersion = 15.0.28307.168
MinimumVisualStudioVersion = 10.0.40219.1
Project("{FAE04EC0-301F-11D3-BF4B-00C04F79EFBC}") = "ReCAPTCHA", "ReCAPTCHA\ReCAPTCHA.csproj", "{59C94930-F1A4-418A-B61C-51B78F99C1F3}"
EndProject
Global
	GlobalSection(SolutionConfigurationPlatforms) = preSolution
		Debug|Any CPU = Debug|Any CPU
		Release|Any CPU = Release|Any CPU
	EndGlobalSection
	GlobalSection(ProjectConfigurationPlatforms) = postSolution
		{59C94930-F1A4-418A-B61C-51B78F99C1F3}.Debug|Any CPU.ActiveCfg = Debug|Any CPU
		{59C94930-F1A4-418A-B61C-51B78F99C1F3}.Debug|Any CPU.Build.0 = Debug|Any CPU
		{59C94930-F1A4-418A-B61C-51B78F99C1F3}.Release|Any CPU.ActiveCfg = Release|Any CPU
		{59C94930-F1A4-418A-B61C-51B78F99C1F3}.Release|Any CPU.Build.0 = Release|Any CPU
	EndGlobalSection
	GlobalSection(SolutionProperties) = preSolution
		HideSolutionNode = FALSE
	EndGlobalSection
	GlobalSection(ExtensibilityGlobals) = postSolution
		SolutionGuid = {084C4B63-1B70-4F75-9593-D88642E01AA7}
	EndGlobalSection
EndGlobal
